<?xml version="1.0" encoding="utf-8"?>
<Project ToolsVersion="4.0" xmlns="http://schemas.microsoft.com/developer/msbuild/2003">
  <ItemGroup>
    <Filter Include="源文件">
      <UniqueIdentifier>{4FC737F1-C7A5-4376-A066-2A32D752A2FF}</UniqueIdentifier>
      <Extensions>cpp;c;cc;cxx;c++;cppm;ixx;def;odl;idl;hpj;bat;asm;asmx</Extensions>
    </Filter>
    <Filter Include="头文件">
      <UniqueIdentifier>{93995380-89BD-4b04-88EB-625FBE52EBFB}</UniqueIdentifier>
      <Extensions>h;hh;hpp;hxx;h++;hm;inl;inc;ipp;xsd</Extensions>
    </Filter>
    <Filter Include="资源文件">
      <UniqueIdentifier>{67DA6AB6-F800-4c08-8B7A-83BB121AAD01}</UniqueIdentifier>
      <Extensions>rc;ico;cur;bmp;dlg;rc2;rct;bin;rgs;gif;jpg;jpeg;jpe;resx;tiff;tif;png;wav;mfcribbon-ms</Extensions>
    </Filter>
    <Filter Include="头文件\Generate">
      <UniqueIdentifier>{b42916bc-86bc-43df-af94-7e5e6df40fcf}</UniqueIdentifier>
    </Filter>
    <Filter Include="头文件\Generate\solver">
      <UniqueIdentifier>{200ae7e1-dcad-4ba2-8813-eb8dde73a474}</UniqueIdentifier>
    </Filter>
    <Filter Include="头文件\Generate\mazes">
      <UniqueIdentifier>{9b3c0d8e-1786-4614-bc39-0919ad3c5581}</UniqueIdentifier>
    </Filter>
    <Filter Include="头文件\Generate\mazes\kruskal">
      <UniqueIdentifier>{bd833ad6-5262-4945-81ec-2bbb7affb3f9}</UniqueIdentifier>
    </Filter>
    <Filter Include="头文件\Generate\mazes\maze_generator">
      <UniqueIdentifier>{499ca9dd-92d4-474e-95c8-fc48788854df}</UniqueIdentifier>
    </Filter>
    <Filter Include="头文件\Generate\mazes\prim">
      <UniqueIdentifier>{99453c06-eefb-4ef6-9851-d16466eb2fcb}</UniqueIdentifier>
    </Filter>
    <Filter Include="头文件\Generate\mazes\recursive_backtracking">
      <UniqueIdentifier>{8cb55820-5d5a-45a6-bde5-fa86c90a56da}</UniqueIdentifier>
    </Filter>
    <Filter Include="头文件\Generate\mazes\recursive_division">
      <UniqueIdentifier>{f08f8a6a-3d9e-404f-b01d-951398cd0ad4}</UniqueIdentifier>
    </Filter>
  </ItemGroup>
  <ItemGroup>
    <ClInclude Include="Rectangle.h">
      <Filter>头文件</Filter>
    </ClInclude>
    <ClInclude Include="MazeData.h">
      <Filter>头文件</Filter>
    </ClInclude>
    <ClInclude Include="Maze.h">
      <Filter>头文件</Filter>
    </ClInclude>
    <ClInclude Include="MainWindow.h">
      <Filter>头文件</Filter>
    </ClInclude>
    <ClInclude Include="Generate.h">
      <Filter>头文件\Generate</Filter>
    </ClInclude>
    <ClInclude Include="BFS.h">
      <Filter>头文件\Generate\solver</Filter>
    </ClInclude>
    <ClInclude Include="DFS.h">
      <Filter>头文件\Generate\solver</Filter>
    </ClInclude>
    <ClInclude Include="kruskal.h">
      <Filter>头文件\Generate\mazes\kruskal</Filter>
    </ClInclude>
    <ClInclude Include="maze_generator.h">
      <Filter>头文件\Generate\mazes\maze_generator</Filter>
    </ClInclude>
    <ClInclude Include="recursive_division.h">
      <Filter>头文件\Generate\mazes\recursive_division</Filter>
    </ClInclude>
    <ClInclude Include="prim.h">
      <Filter>头文件\Generate\mazes\prim</Filter>
    </ClInclude>
  </ItemGroup>
  <ItemGroup>
    <ClCompile Include="main.cpp">
      <Filter>源文件</Filter>
    </ClCompile>
    <ClCompile Include="Window.h">
      <Filter>头文件</Filter>
    </ClCompile>
    <ClCompile Include="BFS.cpp">
      <Filter>头文件\Generate\solver</Filter>
    </ClCompile>
    <ClCompile Include="DFS.cpp">
      <Filter>头文件\Generate\solver</Filter>
    </ClCompile>
    <ClCompile Include="kruskal.cpp">
      <Filter>头文件\Generate\mazes\kruskal</Filter>
    </ClCompile>
    <ClCompile Include="maze_generator.cpp">
      <Filter>头文件\Generate\mazes\maze_generator</Filter>
    </ClCompile>
    <ClCompile Include="prim.cpp">
      <Filter>头文件\Generate\mazes\prim</Filter>
    </ClCompile>
    <ClCompile Include="recursive_backtracking.cpp">
      <Filter>头文件\Generate\mazes\recursive_backtracking</Filter>
    </ClCompile>
    <ClCompile Include="recursive_backtracking.h">
      <Filter>头文件\Generate\mazes\recursive_backtracking</Filter>
    </ClCompile>
    <ClCompile Include="recursive_division.cpp">
      <Filter>头文件\Generate\mazes\recursive_division</Filter>
    </ClCompile>
  </ItemGroup>
</Project>